
Microsoft Visual Studio Solution File, Format Version 12.00
# Visual Studio Version 16
VisualStudioVersion = 16.0.31624.102
MinimumVisualStudioVersion = 10.0.40219.1
Project("{FAE04EC0-301F-11D3-BF4B-00C04F79EFBC}") = "FilterValidate", "FilterValidate\FilterValidate.csproj", "{DF81FC9A-7E14-45ED-A912-3002091A8793}"
EndProject
Global
	GlobalSection(SolutionConfigurationPlatforms) = preSolution
		Debug|Any CPU = Debug|Any CPU
		Release|Any CPU = Release|Any CPU
	EndGlobalSection
	GlobalSection(ProjectConfigurationPlatforms) = postSolution
		{DF81FC9A-7E14-45ED-A912-3002091A8793}.Debug|Any CPU.ActiveCfg = Debug|Any CPU
		{DF81FC9A-7E14-45ED-A912-3002091A8793}.Debug|Any CPU.Build.0 = Debug|Any CPU
		{DF81FC9A-7E14-45ED-A912-3002091A8793}.Release|Any CPU.ActiveCfg = Release|Any CPU
		{DF81FC9A-7E14-45ED-A912-3002091A8793}.Release|Any CPU.Build.0 = Release|Any CPU
	EndGlobalSection
	GlobalSection(SolutionProperties) = preSolution
		HideSolutionNode = FALSE
	EndGlobalSection
	GlobalSection(ExtensibilityGlobals) = postSolution
		SolutionGuid = {E47BDF38-4527-48E5-9D8C-97A70DD34695}
	EndGlobalSection
EndGlobal
